{
  "version": 4,
  "terraform_version": "1.8.3",
  "serial": 24,
  "lineage": "cc946f84-0663-4d6c-e551-80956c10ef33",
  "outputs": {},
  "resources": [
    {
      "mode": "managed",
      "type": "local_file",
      "name": "firstfile",
      "provider": "provider[\"registry.terraform.io/hashicorp/local\"]",
      "instances": [
        {
          "schema_version": 0,
          "attributes": {
            "content": "But this is toh dog.txt :) ",
            "content_base64": null,
            "content_base64sha256": "09t5pE3+laxd2f2AbsRZt9kL1S8kRH+HnfHTo4KN3vs=",
            "content_base64sha512": "8WRSPfoFJI9585D9eUMGJPXzXR/TzQINw5WjIUbGYG23AwZlZkvMRLCMf+Wa3231DtzuaBe88TBXbH3FEAZYfQ==",
            "content_md5": "2b6611c3aec58a55f06af9512fd2a877",
            "content_sha1": "6c31956d735bed07ed091bd1390abaa50974cfed",
            "content_sha256": "d3db79a44dfe95ac5dd9fd806ec459b7d90bd52f24447f879df1d3a3828ddefb",
            "content_sha512": "f164523dfa05248f79f390fd79430624f5f35d1fd3cd020dc395a32146c6606db7030665664bcc44b08c7fe59adf6df50edcee6817bcf130576c7dc51006587d",
            "directory_permission": "0777",
            "file_permission": "0777",
            "filename": "cat.txt",
            "id": "6c31956d735bed07ed091bd1390abaa50974cfed",
            "sensitive_content": null,
            "source": null
          },
          "sensitive_attributes": [
            [
              {
                "type": "get_attr",
                "value": "sensitive_content"
              }
            ]
          ]
        }
      ]
    }
  ],
  "check_results": null
}
