{
  "version": 4,
  "terraform_version": "1.8.3",
  "serial": 27,
  "lineage": "cc946f84-0663-4d6c-e551-80956c10ef33",
  "outputs": {},
  "resources": [
    {
      "mode": "managed",
      "type": "docker_container",
      "name": "nginx",
      "provider": "provider[\"registry.terraform.io/kreuzwerker/docker\"]",
      "instances": [
        {
          "schema_version": 2,
          "attributes": {
            "attach": false,
            "bridge": "",
            "capabilities": [],
            "cgroupns_mode": null,
            "command": [
              "nginx",
              "-g",
              "daemon off;"
            ],
            "container_logs": null,
            "container_read_refresh_timeout_milliseconds": 15000,
            "cpu_set": "",
            "cpu_shares": 0,
            "destroy_grace_seconds": null,
            "devices": [],
            "dns": null,
            "dns_opts": null,
            "dns_search": null,
            "domainname": "",
            "entrypoint": [
              "/docker-entrypoint.sh"
            ],
            "env": [],
            "exit_code": null,
            "gpus": null,
            "group_add": null,
            "healthcheck": null,
            "host": [],
            "hostname": "b308855fa566",
            "id": "b308855fa566b2aeeb0871d38b71d33326a7746ac66a0735b9bdb1f4016b2333",
            "image": "sha256:e784f4560448b14a66f55c26e1b4dad2c2877cc73d001b7cd0b18e24a700a070",
            "init": false,
            "ipc_mode": "private",
            "labels": [],
            "log_driver": "json-file",
            "log_opts": null,
            "logs": false,
            "max_retry_count": 0,
            "memory": 0,
            "memory_swap": 0,
            "mounts": [],
            "must_run": true,
            "name": "terraform-nginx-demo",
            "network_data": [
              {
                "gateway": "172.17.0.1",
                "global_ipv6_address": "",
                "global_ipv6_prefix_length": 0,
                "ip_address": "172.17.0.2",
                "ip_prefix_length": 16,
                "ipv6_gateway": "",
                "mac_address": "02:42:ac:11:00:02",
                "network_name": "bridge"
              }
            ],
            "network_mode": "default",
            "networks_advanced": [],
            "pid_mode": "",
            "ports": [
              {
                "external": 8000,
                "internal": 80,
                "ip": "0.0.0.0",
                "protocol": "tcp"
              }
            ],
            "privileged": false,
            "publish_all_ports": false,
            "read_only": false,
            "remove_volumes": true,
            "restart": "no",
            "rm": false,
            "runtime": "runc",
            "security_opts": [],
            "shm_size": 64,
            "start": true,
            "stdin_open": false,
            "stop_signal": "SIGQUIT",
            "stop_timeout": 0,
            "storage_opts": null,
            "sysctls": null,
            "tmpfs": null,
            "tty": false,
            "ulimit": [],
            "upload": [],
            "user": "",
            "userns_mode": "",
            "volumes": [],
            "wait": false,
            "wait_timeout": 60,
            "working_dir": ""
          },
          "sensitive_attributes": [],
          "private": "eyJzY2hlbWFfdmVyc2lvbiI6IjIifQ==",
          "dependencies": [
            "docker_image.nginx"
          ]
        }
      ]
    },
    {
      "mode": "managed",
      "type": "docker_image",
      "name": "nginx",
      "provider": "provider[\"registry.terraform.io/kreuzwerker/docker\"]",
      "instances": [
        {
          "schema_version": 0,
          "attributes": {
            "build": [],
            "force_remove": null,
            "id": "sha256:e784f4560448b14a66f55c26e1b4dad2c2877cc73d001b7cd0b18e24a700a070nginx:latest",
            "image_id": "sha256:e784f4560448b14a66f55c26e1b4dad2c2877cc73d001b7cd0b18e24a700a070",
            "keep_locally": false,
            "name": "nginx:latest",
            "platform": null,
            "pull_triggers": null,
            "repo_digest": "nginx@sha256:a484819eb60211f5299034ac80f6a681b06f89e65866ce91f356ed7c72af059c",
            "triggers": null
          },
          "sensitive_attributes": [],
          "private": "bnVsbA=="
        }
      ]
    },
    {
      "mode": "managed",
      "type": "local_file",
      "name": "firstfile",
      "provider": "provider[\"registry.terraform.io/hashicorp/local\"]",
      "instances": [
        {
          "schema_version": 0,
          "attributes": {
            "content": "But this is toh dog.txt :) ",
            "content_base64": null,
            "content_base64sha256": "09t5pE3+laxd2f2AbsRZt9kL1S8kRH+HnfHTo4KN3vs=",
            "content_base64sha512": "8WRSPfoFJI9585D9eUMGJPXzXR/TzQINw5WjIUbGYG23AwZlZkvMRLCMf+Wa3231DtzuaBe88TBXbH3FEAZYfQ==",
            "content_md5": "2b6611c3aec58a55f06af9512fd2a877",
            "content_sha1": "6c31956d735bed07ed091bd1390abaa50974cfed",
            "content_sha256": "d3db79a44dfe95ac5dd9fd806ec459b7d90bd52f24447f879df1d3a3828ddefb",
            "content_sha512": "f164523dfa05248f79f390fd79430624f5f35d1fd3cd020dc395a32146c6606db7030665664bcc44b08c7fe59adf6df50edcee6817bcf130576c7dc51006587d",
            "directory_permission": "0777",
            "file_permission": "0777",
            "filename": "cat.txt",
            "id": "6c31956d735bed07ed091bd1390abaa50974cfed",
            "sensitive_content": null,
            "source": null
          },
          "sensitive_attributes": [
            [
              {
                "type": "get_attr",
                "value": "sensitive_content"
              }
            ]
          ]
        }
      ]
    }
  ],
  "check_results": null
}
